// !$*UTF8*$!
{
	archiveVersion = 1;
	classes = {
	};
	objectVersion = 46;
	objects = {

/* Begin PBXBuildFile section */
		8966B34B1DF6691F0056C727 /* AppDelegate.swift in Sources */ = {isa = PBXBuildFile; fileRef = 8966B34A1DF6691F0056C727 /* AppDelegate.swift */; };
		8966B34D1DF6691F0056C727 /* ViewController.swift in Sources */ = {isa = PBXBuildFile; fileRef = 8966B34C1DF6691F0056C727 /* ViewController.swift */; };
		8966B3501DF6691F0056C727 /* Main.storyboard in Resources */ = {isa = PBXBuildFile; fileRef = 8966B34E1DF6691F0056C727 /* Main.storyboard */; };
		8966B3521DF6691F0056C727 /* Assets.xcassets in Resources */ = {isa = PBXBuildFile; fileRef = 8966B3511DF6691F0056C727 /* Assets.xcassets */; };
		8966B3551DF6691F0056C727 /* LaunchScreen.storyboard in Resources */ = {isa = PBXBuildFile; fileRef = 8966B3531DF6691F0056C727 /* LaunchScreen.storyboard */; };
		8966B3601DF6691F0056C727 /* VRDemoTests.swift in Sources */ = {isa = PBXBuildFile; fileRef = 8966B35F1DF6691F0056C727 /* VRDemoTests.swift */; };
		8966B36B1DF6691F0056C727 /* VRDemoUITests.swift in Sources */ = {isa = PBXBuildFile; fileRef = 8966B36A1DF6691F0056C727 /* VRDemoUITests.swift */; };
		8966B3801DF6693D0056C727 /* VRPlayer.swift in Sources */ = {isa = PBXBuildFile; fileRef = 8966B37A1DF6693D0056C727 /* VRPlayer.swift */; };
		8966B3811DF6693D0056C727 /* VKGLTexture.swift in Sources */ = {isa = PBXBuildFile; fileRef = 8966B37B1DF6693D0056C727 /* VKGLTexture.swift */; };
		8966B3821DF6693D0056C727 /* VRGLKView.swift in Sources */ = {isa = PBXBuildFile; fileRef = 8966B37C1DF6693D0056C727 /* VRGLKView.swift */; };
		8966B3831DF6693D0056C727 /* VRProgram.swift in Sources */ = {isa = PBXBuildFile; fileRef = 8966B37D1DF6693D0056C727 /* VRProgram.swift */; };
		8966B3841DF6693D0056C727 /* EsGenSphere.c in Sources */ = {isa = PBXBuildFile; fileRef = 8966B37E1DF6693D0056C727 /* EsGenSphere.c */; };
		8966B3881DF669610056C727 /* Shader.fsh in Resources */ = {isa = PBXBuildFile; fileRef = 8966B3851DF669610056C727 /* Shader.fsh */; };
		8966B3891DF669610056C727 /* Shader.vsh in Resources */ = {isa = PBXBuildFile; fileRef = 8966B3861DF669610056C727 /* Shader.vsh */; };
		8966B38A1DF669610056C727 /* demo.m4v in Resources */ = {isa = PBXBuildFile; fileRef = 8966B3871DF669610056C727 /* demo.m4v */; };
/* End PBXBuildFile section */

/* Begin PBXContainerItemProxy section */
		8966B35C1DF6691F0056C727 /* PBXContainerItemProxy */ = {
			isa = PBXContainerItemProxy;
			containerPortal = 8966B33F1DF6691F0056C727 /* Project object */;
			proxyType = 1;
			remoteGlobalIDString = 8966B3461DF6691F0056C727;
			remoteInfo = VRDemo;
		};
		8966B3671DF6691F0056C727 /* PBXContainerItemProxy */ = {
			isa = PBXContainerItemProxy;
			containerPortal = 8966B33F1DF6691F0056C727 /* Project object */;
			proxyType = 1;
			remoteGlobalIDString = 8966B3461DF6691F0056C727;
			remoteInfo = VRDemo;
		};
/* End PBXContainerItemProxy section */

/* Begin PBXFileReference section */
		8966B3471DF6691F0056C727 /* VRDemo.app */ = {isa = PBXFileReference; explicitFileType = wrapper.application; includeInIndex = 0; path = VRDemo.app; sourceTree = BUILT_PRODUCTS_DIR; };
		8966B34A1DF6691F0056C727 /* AppDelegate.swift */ = {isa = PBXFileReference; lastKnownFileType = sourcecode.swift; path = AppDelegate.swift; sourceTree = "<group>"; };
		8966B34C1DF6691F0056C727 /* ViewController.swift */ = {isa = PBXFileReference; lastKnownFileType = sourcecode.swift; path = ViewController.swift; sourceTree = "<group>"; };
		8966B34F1DF6691F0056C727 /* Base */ = {isa = PBXFileReference; lastKnownFileType = file.storyboard; name = Base; path = Base.lproj/Main.storyboard; sourceTree = "<group>"; };
		8966B3511DF6691F0056C727 /* Assets.xcassets */ = {isa = PBXFileReference; lastKnownFileType = folder.assetcatalog; path = Assets.xcassets; sourceTree = "<group>"; };
		8966B3541DF6691F0056C727 /* Base */ = {isa = PBXFileReference; lastKnownFileType = file.storyboard; name = Base; path = Base.lproj/LaunchScreen.storyboard; sourceTree = "<group>"; };
		8966B3561DF6691F0056C727 /* Info.plist */ = {isa = PBXFileReference; lastKnownFileType = text.plist.xml; path = Info.plist; sourceTree = "<group>"; };
		8966B35B1DF6691F0056C727 /* VRDemoTests.xctest */ = {isa = PBXFileReference; explicitFileType = wrapper.cfbundle; includeInIndex = 0; path = VRDemoTests.xctest; sourceTree = BUILT_PRODUCTS_DIR; };
		8966B35F1DF6691F0056C727 /* VRDemoTests.swift */ = {isa = PBXFileReference; lastKnownFileType = sourcecode.swift; path = VRDemoTests.swift; sourceTree = "<group>"; };
		8966B3611DF6691F0056C727 /* Info.plist */ = {isa = PBXFileReference; lastKnownFileType = text.plist.xml; path = Info.plist; sourceTree = "<group>"; };
		8966B3661DF6691F0056C727 /* VRDemoUITests.xctest */ = {isa = PBXFileReference; explicitFileType = wrapper.cfbundle; includeInIndex = 0; path = VRDemoUITests.xctest; sourceTree = BUILT_PRODUCTS_DIR; };
		8966B36A1DF6691F0056C727 /* VRDemoUITests.swift */ = {isa = PBXFileReference; lastKnownFileType = sourcecode.swift; path = VRDemoUITests.swift; sourceTree = "<group>"; };
		8966B36C1DF6691F0056C727 /* Info.plist */ = {isa = PBXFileReference; lastKnownFileType = text.plist.xml; path = Info.plist; sourceTree = "<group>"; };
		8966B3791DF6693D0056C727 /* VRDemo-Bridging-Header.h */ = {isa = PBXFileReference; lastKnownFileType = sourcecode.c.h; path = "VRDemo-Bridging-Header.h"; sourceTree = "<group>"; };
		8966B37A1DF6693D0056C727 /* VRPlayer.swift */ = {isa = PBXFileReference; fileEncoding = 4; lastKnownFileType = sourcecode.swift; path = VRPlayer.swift; sourceTree = "<group>"; };
		8966B37B1DF6693D0056C727 /* VKGLTexture.swift */ = {isa = PBXFileReference; fileEncoding = 4; lastKnownFileType = sourcecode.swift; path = VKGLTexture.swift; sourceTree = "<group>"; };
		8966B37C1DF6693D0056C727 /* VRGLKView.swift */ = {isa = PBXFileReference; fileEncoding = 4; lastKnownFileType = sourcecode.swift; path = VRGLKView.swift; sourceTree = "<group>"; };
		8966B37D1DF6693D0056C727 /* VRProgram.swift */ = {isa = PBXFileReference; fileEncoding = 4; lastKnownFileType = sourcecode.swift; path = VRProgram.swift; sourceTree = "<group>"; };
		8966B37E1DF6693D0056C727 /* EsGenSphere.c */ = {isa = PBXFileReference; fileEncoding = 4; lastKnownFileType = sourcecode.c.c; path = EsGenSphere.c; sourceTree = "<group>"; };
		8966B37F1DF6693D0056C727 /* EsGenSphere.h */ = {isa = PBXFileReference; fileEncoding = 4; lastKnownFileType = sourcecode.c.h; path = EsGenSphere.h; sourceTree = "<group>"; };
		8966B3851DF669610056C727 /* Shader.fsh */ = {isa = PBXFileReference; fileEncoding = 4; lastKnownFileType = sourcecode.glsl; path = Shader.fsh; sourceTree = "<group>"; };
		8966B3861DF669610056C727 /* Shader.vsh */ = {isa = PBXFileReference; fileEncoding = 4; lastKnownFileType = sourcecode.glsl; path = Shader.vsh; sourceTree = "<group>"; };
		8966B3871DF669610056C727 /* demo.m4v */ = {isa = PBXFileReference; lastKnownFileType = file; path = demo.m4v; sourceTree = "<group>"; };
/* End PBXFileReference section */

/* Begin PBXFrameworksBuildPhase section */
		8966B3441DF6691F0056C727 /* Frameworks */ = {
			isa = PBXFrameworksBuildPhase;
			buildActionMask = 2147483647;
			files = (
			);
			runOnlyForDeploymentPostprocessing = 0;
		};
		8966B3581DF6691F0056C727 /* Frameworks */ = {
			isa = PBXFrameworksBuildPhase;
			buildActionMask = 2147483647;
			files = (
			);
			runOnlyForDeploymentPostprocessing = 0;
		};
		8966B3631DF6691F0056C727 /* Frameworks */ = {
			isa = PBXFrameworksBuildPhase;
			buildActionMask = 2147483647;
			files = (
			);
			runOnlyForDeploymentPostprocessing = 0;
		};
/* End PBXFrameworksBuildPhase section */

/* Begin PBXGroup section */
		8966B33E1DF6691F0056C727 = {
			isa = PBXGroup;
			children = (
				8966B3491DF6691F0056C727 /* VRDemo */,
				8966B35E1DF6691F0056C727 /* VRDemoTests */,
				8966B3691DF6691F0056C727 /* VRDemoUITests */,
				8966B3481DF6691F0056C727 /* Products */,
			);
			sourceTree = "<group>";
		};
		8966B3481DF6691F0056C727 /* Products */ = {
			isa = PBXGroup;
			children = (
				8966B3471DF6691F0056C727 /* VRDemo.app */,
				8966B35B1DF6691F0056C727 /* VRDemoTests.xctest */,
				8966B3661DF6691F0056C727 /* VRDemoUITests.xctest */,
			);
			name = Products;
			sourceTree = "<group>";
		};
		8966B3491DF6691F0056C727 /* VRDemo */ = {
			isa = PBXGroup;
			children = (
				8966B3781DF669360056C727 /* VRPlayer */,
				8966B34A1DF6691F0056C727 /* AppDelegate.swift */,
				8966B34C1DF6691F0056C727 /* ViewController.swift */,
				8966B34E1DF6691F0056C727 /* Main.storyboard */,
				8966B3511DF6691F0056C727 /* Assets.xcassets */,
				8966B3531DF6691F0056C727 /* LaunchScreen.storyboard */,
				8966B3861DF669610056C727 /* Shader.vsh */,
				8966B3851DF669610056C727 /* Shader.fsh */,
				8966B3871DF669610056C727 /* demo.m4v */,
				8966B3561DF6691F0056C727 /* Info.plist */,
			);
			path = VRDemo;
			sourceTree = "<group>";
		};
		8966B35E1DF6691F0056C727 /* VRDemoTests */ = {
			isa = PBXGroup;
			children = (
				8966B35F1DF6691F0056C727 /* VRDemoTests.swift */,
				8966B3611DF6691F0056C727 /* Info.plist */,
			);
			path = VRDemoTests;
			sourceTree = "<group>";
		};
		8966B3691DF6691F0056C727 /* VRDemoUITests */ = {
			isa = PBXGroup;
			children = (
				8966B36A1DF6691F0056C727 /* VRDemoUITests.swift */,
				8966B36C1DF6691F0056C727 /* Info.plist */,
			);
			path = VRDemoUITests;
			sourceTree = "<group>";
		};
		8966B3781DF669360056C727 /* VRPlayer */ = {
			isa = PBXGroup;
			children = (
				8966B37A1DF6693D0056C727 /* VRPlayer.swift */,
				8966B37B1DF6693D0056C727 /* VKGLTexture.swift */,
				8966B37C1DF6693D0056C727 /* VRGLKView.swift */,
				8966B37D1DF6693D0056C727 /* VRProgram.swift */,
				8966B37E1DF6693D0056C727 /* EsGenSphere.c */,
				8966B37F1DF6693D0056C727 /* EsGenSphere.h */,
				8966B3791DF6693D0056C727 /* VRDemo-Bridging-Header.h */,
			);
			path = VRPlayer;
			sourceTree = "<group>";
		};
/* End PBXGroup section */

/* Begin PBXNativeTarget section */
		8966B3461DF6691F0056C727 /* VRDemo */ = {
			isa = PBXNativeTarget;
			buildConfigurationList = 8966B36F1DF6691F0056C727 /* Build configuration list for PBXNativeTarget "VRDemo" */;
			buildPhases = (
				8966B3431DF6691F0056C727 /* Sources */,
				8966B3441DF6691F0056C727 /* Frameworks */,
				8966B3451DF6691F0056C727 /* Resources */,
			);
			buildRules = (
			);
			dependencies = (
			);
			name = VRDemo;
			productName = VRDemo;
			productReference = 8966B3471DF6691F0056C727 /* VRDemo.app */;
			productType = "com.apple.product-type.application";
		};
		8966B35A1DF6691F0056C727 /* VRDemoTests */ = {
			isa = PBXNativeTarget;
			buildConfigurationList = 8966B3721DF6691F0056C727 /* Build configuration list for PBXNativeTarget "VRDemoTests" */;
			buildPhases = (
				8966B3571DF6691F0056C727 /* Sources */,
				8966B3581DF6691F0056C727 /* Frameworks */,
				8966B3591DF6691F0056C727 /* Resources */,
			);
			buildRules = (
			);
			dependencies = (
				8966B35D1DF6691F0056C727 /* PBXTargetDependency */,
			);
			name = VRDemoTests;
			productName = VRDemoTests;
			productReference = 8966B35B1DF6691F0056C727 /* VRDemoTests.xctest */;
			productType = "com.apple.product-type.bundle.unit-test";
		};
		8966B3651DF6691F0056C727 /* VRDemoUITests */ = {
			isa = PBXNativeTarget;
			buildConfigurationList = 8966B3751DF6691F0056C727 /* Build configuration list for PBXNativeTarget "VRDemoUITests" */;
			buildPhases = (
				8966B3621DF6691F0056C727 /* Sources */,
				8966B3631DF6691F0056C727 /* Frameworks */,
				8966B3641DF6691F0056C727 /* Resources */,
			);
			buildRules = (
			);
			dependencies = (
				8966B3681DF6691F0056C727 /* PBXTargetDependency */,
			);
			name = VRDemoUITests;
			productName = VRDemoUITests;
			productReference = 8966B3661DF6691F0056C727 /* VRDemoUITests.xctest */;
			productType = "com.apple.product-type.bundle.ui-testing";
		};
/* End PBXNativeTarget section */

/* Begin PBXProject section */
		8966B33F1DF6691F0056C727 /* Project object */ = {
			isa = PBXProject;
			attributes = {
				LastSwiftUpdateCheck = 0810;
				LastUpgradeCheck = 0810;
				ORGANIZATIONNAME = Huanhoo;
				TargetAttributes = {
					8966B3461DF6691F0056C727 = {
						CreatedOnToolsVersion = 8.1;
						DevelopmentTeam = 8XN6237JCM;
						LastSwiftMigration = 0810;
						ProvisioningStyle = Automatic;
					};
					8966B35A1DF6691F0056C727 = {
						CreatedOnToolsVersion = 8.1;
						DevelopmentTeam = 8XN6237JCM;
						ProvisioningStyle = Automatic;
						TestTargetID = 8966B3461DF6691F0056C727;
					};
					8966B3651DF6691F0056C727 = {
						CreatedOnToolsVersion = 8.1;
						DevelopmentTeam = 8XN6237JCM;
						ProvisioningStyle = Automatic;
						TestTargetID = 8966B3461DF6691F0056C727;
					};
				};
			};
			buildConfigurationList = 8966B3421DF6691F0056C727 /* Build configuration list for PBXProject "VRDemo" */;
			compatibilityVersion = "Xcode 3.2";
			developmentRegion = English;
			hasScannedForEncodings = 0;
			knownRegions = (
				en,
				Base,
			);
			mainGroup = 8966B33E1DF6691F0056C727;
			productRefGroup = 8966B3481DF6691F0056C727 /* Products */;
			projectDirPath = "";
			projectRoot = "";
			targets = (
				8966B3461DF6691F0056C727 /* VRDemo */,
				8966B35A1DF6691F0056C727 /* VRDemoTests */,
				8966B3651DF6691F0056C727 /* VRDemoUITests */,
			);
		};
/* End PBXProject section */

/* Begin PBXResourcesBuildPhase section */
		8966B3451DF6691F0056C727 /* Resources */ = {
			isa = PBXResourcesBuildPhase;
			buildActionMask = 2147483647;
			files = (
				8966B3881DF669610056C727 /* Shader.fsh in Resources */,
				8966B3551DF6691F0056C727 /* LaunchScreen.storyboard in Resources */,
				8966B3521DF6691F0056C727 /* Assets.xcassets in Resources */,
				8966B3501DF6691F0056C727 /* Main.storyboard in Resources */,
				8966B38A1DF669610056C727 /* demo.m4v in Resources */,
				8966B3891DF669610056C727 /* Shader.vsh in Resources */,
			);
			runOnlyForDeploymentPostprocessing = 0;
		};
		8966B3591DF6691F0056C727 /* Resources */ = {
			isa = PBXResourcesBuildPhase;
			buildActionMask = 2147483647;
			files = (
			);
			runOnlyForDeploymentPostprocessing = 0;
		};
		8966B3641DF6691F0056C727 /* Resources */ = {
			isa = PBXResourcesBuildPhase;
			buildActionMask = 2147483647;
			files = (
			);
			runOnlyForDeploymentPostprocessing = 0;
		};
/* End PBXResourcesBuildPhase section */

/* Begin PBXSourcesBuildPhase section */
		8966B3431DF6691F0056C727 /* Sources */ = {
			isa = PBXSourcesBuildPhase;
			buildActionMask = 2147483647;
			files = (
				8966B3841DF6693D0056C727 /* EsGenSphere.c in Sources */,
				8966B3831DF6693D0056C727 /* VRProgram.swift in Sources */,
				8966B34D1DF6691F0056C727 /* ViewController.swift in Sources */,
				8966B3811DF6693D0056C727 /* VKGLTexture.swift in Sources */,
				8966B34B1DF6691F0056C727 /* AppDelegate.swift in Sources */,
				8966B3801DF6693D0056C727 /* VRPlayer.swift in Sources */,
				8966B3821DF6693D0056C727 /* VRGLKView.swift in Sources */,
			);
			runOnlyForDeploymentPostprocessing = 0;
		};
		8966B3571DF6691F0056C727 /* Sources */ = {
			isa = PBXSourcesBuildPhase;
			buildActionMask = 2147483647;
			files = (
				8966B3601DF6691F0056C727 /* VRDemoTests.swift in Sources */,
			);
			runOnlyForDeploymentPostprocessing = 0;
		};
		8966B3621DF6691F0056C727 /* Sources */ = {
			isa = PBXSourcesBuildPhase;
			buildActionMask = 2147483647;
			files = (
				8966B36B1DF6691F0056C727 /* VRDemoUITests.swift in Sources */,
			);
			runOnlyForDeploymentPostprocessing = 0;
		};
/* End PBXSourcesBuildPhase section */

/* Begin PBXTargetDependency section */
		8966B35D1DF6691F0056C727 /* PBXTargetDependency */ = {
			isa = PBXTargetDependency;
			target = 8966B3461DF6691F0056C727 /* VRDemo */;
			targetProxy = 8966B35C1DF6691F0056C727 /* PBXContainerItemProxy */;
		};
		8966B3681DF6691F0056C727 /* PBXTargetDependency */ = {
			isa = PBXTargetDependency;
			target = 8966B3461DF6691F0056C727 /* VRDemo */;
			targetProxy = 8966B3671DF6691F0056C727 /* PBXContainerItemProxy */;
		};
/* End PBXTargetDependency section */

/* Begin PBXVariantGroup section */
		8966B34E1DF6691F0056C727 /* Main.storyboard */ = {
			isa = PBXVariantGroup;
			children = (
				8966B34F1DF6691F0056C727 /* Base */,
			);
			name = Main.storyboard;
			sourceTree = "<group>";
		};
		8966B3531DF6691F0056C727 /* LaunchScreen.storyboard */ = {
			isa = PBXVariantGroup;
			children = (
				8966B3541DF6691F0056C727 /* Base */,
			);
			name = LaunchScreen.storyboard;
			sourceTree = "<group>";
		};
/* End PBXVariantGroup section */

/* Begin XCBuildConfiguration section */
		8966B36D1DF6691F0056C727 /* Debug */ = {
			isa = XCBuildConfiguration;
			buildSettings = {
				ALWAYS_SEARCH_USER_PATHS = NO;
				CLANG_ANALYZER_NONNULL = YES;
				CLANG_CXX_LANGUAGE_STANDARD = "gnu++0x";
				CLANG_CXX_LIBRARY = "libc++";
				CLANG_ENABLE_MODULES = YES;
				CLANG_ENABLE_OBJC_ARC = YES;
				CLANG_WARN_BOOL_CONVERSION = YES;
				CLANG_WARN_CONSTANT_CONVERSION = YES;
				CLANG_WARN_DIRECT_OBJC_ISA_USAGE = YES_ERROR;
				CLANG_WARN_DOCUMENTATION_COMMENTS = YES;
				CLANG_WARN_EMPTY_BODY = YES;
				CLANG_WARN_ENUM_CONVERSION = YES;
				CLANG_WARN_INFINITE_RECURSION = YES;
				CLANG_WARN_INT_CONVERSION = YES;
				CLANG_WARN_OBJC_ROOT_CLASS = YES_ERROR;
				CLANG_WARN_SUSPICIOUS_MOVES = YES;
				CLANG_WARN_UNREACHABLE_CODE = YES;
				CLANG_WARN__DUPLICATE_METHOD_MATCH = YES;
				"CODE_SIGN_IDENTITY[sdk=iphoneos*]" = "iPhone Developer";
				COPY_PHASE_STRIP = NO;
				DEBUG_INFORMATION_FORMAT = dwarf;
				ENABLE_STRICT_OBJC_MSGSEND = YES;
				ENABLE_TESTABILITY = YES;
				GCC_C_LANGUAGE_STANDARD = gnu99;
				GCC_DYNAMIC_NO_PIC = NO;
				GCC_NO_COMMON_BLOCKS = YES;
				GCC_OPTIMIZATION_LEVEL = 0;
				GCC_PREPROCESSOR_DEFINITIONS = (
					"DEBUG=1",
					"$(inherited)",
				);
				GCC_WARN_64_TO_32_BIT_CONVERSION = YES;
				GCC_WARN_ABOUT_RETURN_TYPE = YES_ERROR;
				GCC_WARN_UNDECLARED_SELECTOR = YES;
				GCC_WARN_UNINITIALIZED_AUTOS = YES_AGGRESSIVE;
				GCC_WARN_UNUSED_FUNCTION = YES;
				GCC_WARN_UNUSED_VARIABLE = YES;
				IPHONEOS_DEPLOYMENT_TARGET = 10.1;
				MTL_ENABLE_DEBUG_INFO = YES;
				ONLY_ACTIVE_ARCH = YES;
				SDKROOT = iphoneos;
				SWIFT_ACTIVE_COMPILATION_CONDITIONS = DEBUG;
				SWIFT_OPTIMIZATION_LEVEL = "-Onone";
			};
			name = Debug;
		};
		8966B36E1DF6691F0056C727 /* Release */ = {
			isa = XCBuildConfiguration;
			buildSettings = {
				ALWAYS_SEARCH_USER_PATHS = NO;
				CLANG_ANALYZER_NONNULL = YES;
				CLANG_CXX_LANGUAGE_STANDARD = "gnu++0x";
				CLANG_CXX_LIBRARY = "libc++";
				CLANG_ENABLE_MODULES = YES;
				CLANG_ENABLE_OBJC_ARC = YES;
				CLANG_WARN_BOOL_CONVERSION = YES;
				CLANG_WARN_CONSTANT_CONVERSION = YES;
				CLANG_WARN_DIRECT_OBJC_ISA_USAGE = YES_ERROR;
				CLANG_WARN_DOCUMENTATION_COMMENTS = YES;
				CLANG_WARN_EMPTY_BODY = YES;
				CLANG_WARN_ENUM_CONVERSION = YES;
				CLANG_WARN_INFINITE_RECURSION = YES;
				CLANG_WARN_INT_CONVERSION = YES;
				CLANG_WARN_OBJC_ROOT_CLASS = YES_ERROR;
				CLANG_WARN_SUSPICIOUS_MOVES = YES;
				CLANG_WARN_UNREACHABLE_CODE = YES;
				CLANG_WARN__DUPLICATE_METHOD_MATCH = YES;
				"CODE_SIGN_IDENTITY[sdk=iphoneos*]" = "iPhone Developer";
				COPY_PHASE_STRIP = NO;
				DEBUG_INFORMATION_FORMAT = "dwarf-with-dsym";
				ENABLE_NS_ASSERTIONS = NO;
				ENABLE_STRICT_OBJC_MSGSEND = YES;
				GCC_C_LANGUAGE_STANDARD = gnu99;
				GCC_NO_COMMON_BLOCKS = YES;
				GCC_WARN_64_TO_32_BIT_CONVERSION = YES;
				GCC_WARN_ABOUT_RETURN_TYPE = YES_ERROR;
				GCC_WARN_UNDECLARED_SELECTOR = YES;
				GCC_WARN_UNINITIALIZED_AUTOS = YES_AGGRESSIVE;
				GCC_WARN_UNUSED_FUNCTION = YES;
				GCC_WARN_UNUSED_VARIABLE = YES;
				IPHONEOS_DEPLOYMENT_TARGET = 10.1;
				MTL_ENABLE_DEBUG_INFO = NO;
				SDKROOT = iphoneos;
				SWIFT_OPTIMIZATION_LEVEL = "-Owholemodule";
				VALIDATE_PRODUCT = YES;
			};
			name = Release;
		};
		8966B3701DF6691F0056C727 /* Debug */ = {
			isa = XCBuildConfiguration;
			buildSettings = {
				ASSETCATALOG_COMPILER_APPICON_NAME = AppIcon;
				CLANG_ENABLE_MODULES = YES;
				DEVELOPMENT_TEAM = 8XN6237JCM;
				INFOPLIST_FILE = VRDemo/Info.plist;
				LD_RUNPATH_SEARCH_PATHS = "$(inherited) @executable_path/Frameworks";
				PRODUCT_BUNDLE_IDENTIFIER = Huanhoo.VRDemo;
				PRODUCT_NAME = "$(TARGET_NAME)";
				SWIFT_OBJC_BRIDGING_HEADER = "VRDemo/VRPlayer/VRDemo-Bridging-Header.h";
				SWIFT_OPTIMIZATION_LEVEL = "-Onone";
				SWIFT_VERSION = 3.0;
			};
			name = Debug;
		};
		8966B3711DF6691F0056C727 /* Release */ = {
			isa = XCBuildConfiguration;
			buildSettings = {
				ASSETCATALOG_COMPILER_APPICON_NAME = AppIcon;
				CLANG_ENABLE_MODULES = YES;
				DEVELOPMENT_TEAM = 8XN6237JCM;
				INFOPLIST_FILE = VRDemo/Info.plist;
				LD_RUNPATH_SEARCH_PATHS = "$(inherited) @executable_path/Frameworks";
				PRODUCT_BUNDLE_IDENTIFIER = Huanhoo.VRDemo;
				PRODUCT_NAME = "$(TARGET_NAME)";
				SWIFT_OBJC_BRIDGING_HEADER = "VRDemo/VRPlayer/VRDemo-Bridging-Header.h";
				SWIFT_VERSION = 3.0;
			};
			name = Release;
		};
		8966B3731DF6691F0056C727 /* Debug */ = {
			isa = XCBuildConfiguration;
			buildSettings = {
				ALWAYS_EMBED_SWIFT_STANDARD_LIBRARIES = YES;
				BUNDLE_LOADER = "$(TEST_HOST)";
				DEVELOPMENT_TEAM = 8XN6237JCM;
				INFOPLIST_FILE = VRDemoTests/Info.plist;
				LD_RUNPATH_SEARCH_PATHS = "$(inherited) @executable_path/Frameworks @loader_path/Frameworks";
				PRODUCT_BUNDLE_IDENTIFIER = Huanhoo.VRDemoTests;
				PRODUCT_NAME = "$(TARGET_NAME)";
				SWIFT_VERSION = 3.0;
				TEST_HOST = "$(BUILT_PRODUCTS_DIR)/VRDemo.app/VRDemo";
			};
			name = Debug;
		};
		8966B3741DF6691F0056C727 /* Release */ = {
			isa = XCBuildConfiguration;
			buildSettings = {
				ALWAYS_EMBED_SWIFT_STANDARD_LIBRARIES = YES;
				BUNDLE_LOADER = "$(TEST_HOST)";
				DEVELOPMENT_TEAM = 8XN6237JCM;
				INFOPLIST_FILE = VRDemoTests/Info.plist;
				LD_RUNPATH_SEARCH_PATHS = "$(inherited) @executable_path/Frameworks @loader_path/Frameworks";
				PRODUCT_BUNDLE_IDENTIFIER = Huanhoo.VRDemoTests;
				PRODUCT_NAME = "$(TARGET_NAME)";
				SWIFT_VERSION = 3.0;
				TEST_HOST = "$(BUILT_PRODUCTS_DIR)/VRDemo.app/VRDemo";
			};
			name = Release;
		};
		8966B3761DF6691F0056C727 /* Debug */ = {
			isa = XCBuildConfiguration;
			buildSettings = {
				ALWAYS_EMBED_SWIFT_STANDARD_LIBRARIES = YES;
				DEVELOPMENT_TEAM = 8XN6237JCM;
				INFOPLIST_FILE = VRDemoUITests/Info.plist;
				LD_RUNPATH_SEARCH_PATHS = "$(inherited) @executable_path/Frameworks @loader_path/Frameworks";
				PRODUCT_BUNDLE_IDENTIFIER = Huanhoo.VRDemoUITests;
				PRODUCT_NAME = "$(TARGET_NAME)";
				SWIFT_VERSION = 3.0;
				TEST_TARGET_NAME = VRDemo;
			};
			name = Debug;
		};
		8966B3771DF6691F0056C727 /* Release */ = {
			isa = XCBuildConfiguration;
			buildSettings = {
				ALWAYS_EMBED_SWIFT_STANDARD_LIBRARIES = YES;
				DEVELOPMENT_TEAM = 8XN6237JCM;
				INFOPLIST_FILE = VRDemoUITests/Info.plist;
				LD_RUNPATH_SEARCH_PATHS = "$(inherited) @executable_path/Frameworks @loader_path/Frameworks";
				PRODUCT_BUNDLE_IDENTIFIER = Huanhoo.VRDemoUITests;
				PRODUCT_NAME = "$(TARGET_NAME)";
				SWIFT_VERSION = 3.0;
				TEST_TARGET_NAME = VRDemo;
			};
			name = Release;
		};
/* End XCBuildConfiguration section */

/* Begin XCConfigurationList section */
		8966B3421DF6691F0056C727 /* Build configuration list for PBXProject "VRDemo" */ = {
			isa = XCConfigurationList;
			buildConfigurations = (
				8966B36D1DF6691F0056C727 /* Debug */,
				8966B36E1DF6691F0056C727 /* Release */,
			);
			defaultConfigurationIsVisible = 0;
			defaultConfigurationName = Release;
		};
		8966B36F1DF6691F0056C727 /* Build configuration list for PBXNativeTarget "VRDemo" */ = {
			isa = XCConfigurationList;
			buildConfigurations = (
				8966B3701DF6691F0056C727 /* Debug */,
				8966B3711DF6691F0056C727 /* Release */,
			);
			defaultConfigurationIsVisible = 0;
			defaultConfigurationName = Release;
		};
		8966B3721DF6691F0056C727 /* Build configuration list for PBXNativeTarget "VRDemoTests" */ = {
			isa = XCConfigurationList;
			buildConfigurations = (
				8966B3731DF6691F0056C727 /* Debug */,
				8966B3741DF6691F0056C727 /* Release */,
			);
			defaultConfigurationIsVisible = 0;
			defaultConfigurationName = Release;
		};
		8966B3751DF6691F0056C727 /* Build configuration list for PBXNativeTarget "VRDemoUITests" */ = {
			isa = XCConfigurationList;
			buildConfigurations = (
				8966B3761DF6691F0056C727 /* Debug */,
				8966B3771DF6691F0056C727 /* Release */,
			);
			defaultConfigurationIsVisible = 0;
			defaultConfigurationName = Release;
		};
/* End XCConfigurationList section */
	};
	rootObject = 8966B33F1DF6691F0056C727 /* Project object */;
}
